
Microsoft Visual Studio Solution File, Format Version 12.00
# Visual Studio Version 16
VisualStudioVersion = 16.0.33214.272
MinimumVisualStudioVersion = 10.0.40219.1
Project("{FAE04EC0-301F-11D3-BF4B-00C04F79EFBC}") = "HappyPetGame", "HappyPetGame\HappyPetGame.csproj", "{F576E63D-D4FD-4630-B683-C4B58CE9F3BC}"
EndProject
Global
	GlobalSection(SolutionConfigurationPlatforms) = preSolution
		Debug|Any CPU = Debug|Any CPU
		Release|Any CPU = Release|Any CPU
	EndGlobalSection
	GlobalSection(ProjectConfigurationPlatforms) = postSolution
		{F576E63D-D4FD-4630-B683-C4B58CE9F3BC}.Debug|Any CPU.ActiveCfg = Debug|Any CPU
		{F576E63D-D4FD-4630-B683-C4B58CE9F3BC}.Debug|Any CPU.Build.0 = Debug|Any CPU
		{F576E63D-D4FD-4630-B683-C4B58CE9F3BC}.Release|Any CPU.ActiveCfg = Release|Any CPU
		{F576E63D-D4FD-4630-B683-C4B58CE9F3BC}.Release|Any CPU.Build.0 = Release|Any CPU
	EndGlobalSection
	GlobalSection(SolutionProperties) = preSolution
		HideSolutionNode = FALSE
	EndGlobalSection
	GlobalSection(ExtensibilityGlobals) = postSolution
		SolutionGuid = {FD682692-53F3-4F4B-B0E7-6678AA36328C}
	EndGlobalSection
EndGlobal
